
Microsoft Visual Studio Solution File, Format Version 12.00
# Visual Studio 2012
Project("{FAE04EC0-301F-11D3-BF4B-00C04F79EFBC}") = "vero_hotel_reservation", "vero_hotel_reservation\vero_hotel_reservation.csproj", "{C93C93E2-AB68-4891-A5B7-EE2D68B9F8FC}"
EndProject
Global
	GlobalSection(SolutionConfigurationPlatforms) = preSolution
		Debug|Any CPU = Debug|Any CPU
		Release|Any CPU = Release|Any CPU
	EndGlobalSection
	GlobalSection(ProjectConfigurationPlatforms) = postSolution
		{C93C93E2-AB68-4891-A5B7-EE2D68B9F8FC}.Debug|Any CPU.ActiveCfg = Debug|Any CPU
		{C93C93E2-AB68-4891-A5B7-EE2D68B9F8FC}.Debug|Any CPU.Build.0 = Debug|Any CPU
		{C93C93E2-AB68-4891-A5B7-EE2D68B9F8FC}.Release|Any CPU.ActiveCfg = Release|Any CPU
		{C93C93E2-AB68-4891-A5B7-EE2D68B9F8FC}.Release|Any CPU.Build.0 = Release|Any CPU
	EndGlobalSection
	GlobalSection(SolutionProperties) = preSolution
		HideSolutionNode = FALSE
	EndGlobalSection
EndGlobal
